
Microsoft Visual Studio Solution File, Format Version 12.00
# Visual Studio Version 17
VisualStudioVersion = 17.13.35931.197 d17.13
MinimumVisualStudioVersion = 10.0.40219.1
Project("{FAE04EC0-301F-11D3-BF4B-00C04F79EFBC}") = "FormasGeometricas", "FormasGeometricas\FormasGeometricas.csproj", "{5A82EC88-E84B-4C4A-AC52-D9E8E89A9B98}"
EndProject
Global
	GlobalSection(SolutionConfigurationPlatforms) = preSolution
		Debug|Any CPU = Debug|Any CPU
		Release|Any CPU = Release|Any CPU
	EndGlobalSection
	GlobalSection(ProjectConfigurationPlatforms) = postSolution
		{5A82EC88-E84B-4C4A-AC52-D9E8E89A9B98}.Debug|Any CPU.ActiveCfg = Debug|Any CPU
		{5A82EC88-E84B-4C4A-AC52-D9E8E89A9B98}.Debug|Any CPU.Build.0 = Debug|Any CPU
		{5A82EC88-E84B-4C4A-AC52-D9E8E89A9B98}.Release|Any CPU.ActiveCfg = Release|Any CPU
		{5A82EC88-E84B-4C4A-AC52-D9E8E89A9B98}.Release|Any CPU.Build.0 = Release|Any CPU
	EndGlobalSection
	GlobalSection(SolutionProperties) = preSolution
		HideSolutionNode = FALSE
	EndGlobalSection
	GlobalSection(ExtensibilityGlobals) = postSolution
		SolutionGuid = {3C25F5E0-DBA1-494E-A7F2-FD01BB558160}
	EndGlobalSection
EndGlobal
